{
  "name": "@zaatarlabs/agent365-governance-proxy",
  "version": "0.2.0",
  "lockfileVersion": 3,
  "requires": true,
  "packages": {
    "": {
      "name": "@zaatarlabs/agent365-governance-proxy",
      "version": "0.2.0",
      "license": "UNLICENSED",
      "dependencies": {
        "@zaatarlabs/agent365-governance-kit": "file:../typescript",
        "dotenv": "^16.4.5"
      },
      "bin": {
        "agent365-govern-proxy": "src/bin.mjs"
      },
      "engines": {
        "node": ">=18"
      }
    },
    "../typescript": {
      "name": "@zaatarlabs/agent365-governance-kit",
      "version": "0.2.0",
      "license": "UNLICENSED",
      "devDependencies": {
        "@types/node": "^26.0.0",
        "typescript": "^5.9.3"
      },
      "engines": {
        "node": ">=18"
      },
      "peerDependencies": {
        "@microsoft/agents-hosting": "^1.5.3",
        "@microsoft/opentelemetry": "^1.1.0"
      },
      "peerDependenciesMeta": {
        "@microsoft/agents-hosting": {
          "optional": true
        },
        "@microsoft/opentelemetry": {
          "optional": true
        }
      }
    },
    "node_modules/@zaatarlabs/agent365-governance-kit": {
      "resolved": "../typescript",
      "link": true
    },
    "node_modules/dotenv": {
      "version": "16.6.1",
      "resolved": "https://registry.npmjs.org/dotenv/-/dotenv-16.6.1.tgz",
      "integrity": "sha512-uBq4egWHTcTt33a72vpSG0z3HnPuIl6NqYcTrKEg2azoEyl2hpW0zqlxysq2pK9HlDIHyHyakeYaYnSAwd8bow==",
      "license": "BSD-2-Clause",
      "engines": {
        "node": ">=12"
      },
      "funding": {
        "url": "https://dotenvx.com"
      }
    }
  }
}
